
Microsoft Visual Studio Solution File, Format Version 12.00
# Visual Studio 15
VisualStudioVersion = 15.0.27130.2036
MinimumVisualStudioVersion = 10.0.40219.1
Project("{2150E333-8FDC-42A3-9474-1A3956D46DE8}") = "Solution Items", "Solution Items", "{6508B9C0-60B2-4BD5-ACAB-7C057587CDE3}"
	ProjectSection(SolutionItems) = preProject
		..\icon.png = ..\icon.png
		..\icon_small.png = ..\icon_small.png
		..\README.md = ..\README.md
	EndProjectSection
EndProject
Project("{2150E333-8FDC-42A3-9474-1A3956D46DE8}") = ".nuget", ".nuget", "{7127700F-3FDC-482C-9359-404A9364E4D6}"
	ProjectSection(SolutionItems) = preProject
		.nuget\NuGet.Config = .nuget\NuGet.Config
		.nuget\NuGet.exe = .nuget\NuGet.exe
		.nuget\NuGet.targets = .nuget\NuGet.targets
	EndProjectSection
EndProject
Project("{2150E333-8FDC-42A3-9474-1A3956D46DE8}") = "Samples", "Samples", "{A06042F5-F69D-4191-875E-5ADE9CF42075}"
EndProject
Project("{FAE04EC0-301F-11D3-BF4B-00C04F79EFBC}") = "BLE.Client", "BLE.Client\BLE.Client\BLE.Client.csproj", "{DFE97BE0-070B-43AD-BF37-50FD42B542D1}"
EndProject
Project("{FAE04EC0-301F-11D3-BF4B-00C04F79EFBC}") = "BLE.Client.iOS", "BLE.Client\BLE.Client.iOS\BLE.Client.iOS.csproj", "{D0FBE2BA-799B-4071-A45D-8FB037006C9C}"
EndProject
Project("{2150E333-8FDC-42A3-9474-1A3956D46DE8}") = ".build", ".build", "{BF30732D-F8EA-4DDE-B892-81D51D02A5D4}"
	ProjectSection(SolutionItems) = preProject
		..\.build\build.bat = ..\.build\build.bat
		..\.build\build.fsx = ..\.build\build.fsx
		..\doc\changelog.md = ..\doc\changelog.md
		..\.build\MvvmCross.Plugin.BLE.nuspec = ..\.build\MvvmCross.Plugin.BLE.nuspec
		..\.build\Plugin.BLE.nuspec = ..\.build\Plugin.BLE.nuspec
	EndProjectSection
EndProject
Project("{FAE04EC0-301F-11D3-BF4B-00C04F79EFBC}") = "CSLibrary-CROSSOVERPLUGINBLE", "..\..\CSLibrary\CSLibrary-CROSSOVERPLUGINBLE.csproj", "{F89C3167-B338-4616-8EB0-4951C3D64E5F}"
EndProject
Project("{FAE04EC0-301F-11D3-BF4B-00C04F79EFBC}") = "BLE.Client.Droid", "BLE.Client\BLE.Client.Droid\BLE.Client.Droid.csproj", "{7B0E4EFD-EEB8-4CE9-9C8D-7A4BF734E9A7}"
EndProject
Global
	GlobalSection(SolutionConfigurationPlatforms) = preSolution
		Ad-Hoc|Any CPU = Ad-Hoc|Any CPU
		Ad-Hoc|ARM = Ad-Hoc|ARM
		Ad-Hoc|iPhone = Ad-Hoc|iPhone
		Ad-Hoc|iPhoneSimulator = Ad-Hoc|iPhoneSimulator
		Ad-Hoc|x64 = Ad-Hoc|x64
		Ad-Hoc|x86 = Ad-Hoc|x86
		AppStore|Any CPU = AppStore|Any CPU
		AppStore|ARM = AppStore|ARM
		AppStore|iPhone = AppStore|iPhone
		AppStore|iPhoneSimulator = AppStore|iPhoneSimulator
		AppStore|x64 = AppStore|x64
		AppStore|x86 = AppStore|x86
		Debug|Any CPU = Debug|Any CPU
		Debug|ARM = Debug|ARM
		Debug|iPhone = Debug|iPhone
		Debug|iPhoneSimulator = Debug|iPhoneSimulator
		Debug|x64 = Debug|x64
		Debug|x86 = Debug|x86
		Release|Any CPU = Release|Any CPU
		Release|ARM = Release|ARM
		Release|iPhone = Release|iPhone
		Release|iPhoneSimulator = Release|iPhoneSimulator
		Release|x64 = Release|x64
		Release|x86 = Release|x86
	EndGlobalSection
	GlobalSection(ProjectConfigurationPlatforms) = postSolution
		{DFE97BE0-070B-43AD-BF37-50FD42B542D1}.Ad-Hoc|Any CPU.ActiveCfg = Release|Any CPU
		{DFE97BE0-070B-43AD-BF37-50FD42B542D1}.Ad-Hoc|Any CPU.Build.0 = Release|Any CPU
		{DFE97BE0-070B-43AD-BF37-50FD42B542D1}.Ad-Hoc|ARM.ActiveCfg = Release|Any CPU
		{DFE97BE0-070B-43AD-BF37-50FD42B542D1}.Ad-Hoc|ARM.Build.0 = Release|Any CPU
		{DFE97BE0-070B-43AD-BF37-50FD42B542D1}.Ad-Hoc|iPhone.ActiveCfg = Release|Any CPU
		{DFE97BE0-070B-43AD-BF37-50FD42B542D1}.Ad-Hoc|iPhone.Build.0 = Release|Any CPU
		{DFE97BE0-070B-43AD-BF37-50FD42B542D1}.Ad-Hoc|iPhoneSimulator.ActiveCfg = Release|Any CPU
		{DFE97BE0-070B-43AD-BF37-50FD42B542D1}.Ad-Hoc|iPhoneSimulator.Build.0 = Release|Any CPU
		{DFE97BE0-070B-43AD-BF37-50FD42B542D1}.Ad-Hoc|x64.ActiveCfg = Release|Any CPU
		{DFE97BE0-070B-43AD-BF37-50FD42B542D1}.Ad-Hoc|x64.Build.0 = Release|Any CPU
		{DFE97BE0-070B-43AD-BF37-50FD42B542D1}.Ad-Hoc|x86.ActiveCfg = Release|Any CPU
		{DFE97BE0-070B-43AD-BF37-50FD42B542D1}.Ad-Hoc|x86.Build.0 = Release|Any CPU
		{DFE97BE0-070B-43AD-BF37-50FD42B542D1}.AppStore|Any CPU.ActiveCfg = Release|Any CPU
		{DFE97BE0-070B-43AD-BF37-50FD42B542D1}.AppStore|Any CPU.Build.0 = Release|Any CPU
		{DFE97BE0-070B-43AD-BF37-50FD42B542D1}.AppStore|ARM.ActiveCfg = Release|Any CPU
		{DFE97BE0-070B-43AD-BF37-50FD42B542D1}.AppStore|ARM.Build.0 = Release|Any CPU
		{DFE97BE0-070B-43AD-BF37-50FD42B542D1}.AppStore|iPhone.ActiveCfg = Release|Any CPU
		{DFE97BE0-070B-43AD-BF37-50FD42B542D1}.AppStore|iPhone.Build.0 = Release|Any CPU
		{DFE97BE0-070B-43AD-BF37-50FD42B542D1}.AppStore|iPhoneSimulator.ActiveCfg = Release|Any CPU
		{DFE97BE0-070B-43AD-BF37-50FD42B542D1}.AppStore|iPhoneSimulator.Build.0 = Release|Any CPU
		{DFE97BE0-070B-43AD-BF37-50FD42B542D1}.AppStore|x64.ActiveCfg = Release|Any CPU
		{DFE97BE0-070B-43AD-BF37-50FD42B542D1}.AppStore|x64.Build.0 = Release|Any CPU
		{DFE97BE0-070B-43AD-BF37-50FD42B542D1}.AppStore|x86.ActiveCfg = Release|Any CPU
		{DFE97BE0-070B-43AD-BF37-50FD42B542D1}.AppStore|x86.Build.0 = Release|Any CPU
		{DFE97BE0-070B-43AD-BF37-50FD42B542D1}.Debug|Any CPU.ActiveCfg = Debug|Any CPU
		{DFE97BE0-070B-43AD-BF37-50FD42B542D1}.Debug|Any CPU.Build.0 = Debug|Any CPU
		{DFE97BE0-070B-43AD-BF37-50FD42B542D1}.Debug|ARM.ActiveCfg = Debug|Any CPU
		{DFE97BE0-070B-43AD-BF37-50FD42B542D1}.Debug|ARM.Build.0 = Debug|Any CPU
		{DFE97BE0-070B-43AD-BF37-50FD42B542D1}.Debug|iPhone.ActiveCfg = Debug|Any CPU
		{DFE97BE0-070B-43AD-BF37-50FD42B542D1}.Debug|iPhone.Build.0 = Debug|Any CPU
		{DFE97BE0-070B-43AD-BF37-50FD42B542D1}.Debug|iPhoneSimulator.ActiveCfg = Debug|Any CPU
		{DFE97BE0-070B-43AD-BF37-50FD42B542D1}.Debug|iPhoneSimulator.Build.0 = Debug|Any CPU
		{DFE97BE0-070B-43AD-BF37-50FD42B542D1}.Debug|x64.ActiveCfg = Debug|Any CPU
		{DFE97BE0-070B-43AD-BF37-50FD42B542D1}.Debug|x64.Build.0 = Debug|Any CPU
		{DFE97BE0-070B-43AD-BF37-50FD42B542D1}.Debug|x86.ActiveCfg = Debug|Any CPU
		{DFE97BE0-070B-43AD-BF37-50FD42B542D1}.Debug|x86.Build.0 = Debug|Any CPU
		{DFE97BE0-070B-43AD-BF37-50FD42B542D1}.Release|Any CPU.ActiveCfg = Release|Any CPU
		{DFE97BE0-070B-43AD-BF37-50FD42B542D1}.Release|Any CPU.Build.0 = Release|Any CPU
		{DFE97BE0-070B-43AD-BF37-50FD42B542D1}.Release|ARM.ActiveCfg = Release|Any CPU
		{DFE97BE0-070B-43AD-BF37-50FD42B542D1}.Release|ARM.Build.0 = Release|Any CPU
		{DFE97BE0-070B-43AD-BF37-50FD42B542D1}.Release|iPhone.ActiveCfg = Release|Any CPU
		{DFE97BE0-070B-43AD-BF37-50FD42B542D1}.Release|iPhone.Build.0 = Release|Any CPU
		{DFE97BE0-070B-43AD-BF37-50FD42B542D1}.Release|iPhoneSimulator.ActiveCfg = Release|Any CPU
		{DFE97BE0-070B-43AD-BF37-50FD42B542D1}.Release|iPhoneSimulator.Build.0 = Release|Any CPU
		{DFE97BE0-070B-43AD-BF37-50FD42B542D1}.Release|x64.ActiveCfg = Release|Any CPU
		{DFE97BE0-070B-43AD-BF37-50FD42B542D1}.Release|x64.Build.0 = Release|Any CPU
		{DFE97BE0-070B-43AD-BF37-50FD42B542D1}.Release|x86.ActiveCfg = Release|Any CPU
		{DFE97BE0-070B-43AD-BF37-50FD42B542D1}.Release|x86.Build.0 = Release|Any CPU
		{D0FBE2BA-799B-4071-A45D-8FB037006C9C}.Ad-Hoc|Any CPU.ActiveCfg = Ad-Hoc|iPhone
		{D0FBE2BA-799B-4071-A45D-8FB037006C9C}.Ad-Hoc|ARM.ActiveCfg = Ad-Hoc|iPhone
		{D0FBE2BA-799B-4071-A45D-8FB037006C9C}.Ad-Hoc|iPhone.ActiveCfg = Ad-Hoc|iPhone
		{D0FBE2BA-799B-4071-A45D-8FB037006C9C}.Ad-Hoc|iPhone.Build.0 = Ad-Hoc|iPhone
		{D0FBE2BA-799B-4071-A45D-8FB037006C9C}.Ad-Hoc|iPhoneSimulator.ActiveCfg = Ad-Hoc|iPhoneSimulator
		{D0FBE2BA-799B-4071-A45D-8FB037006C9C}.Ad-Hoc|iPhoneSimulator.Build.0 = Ad-Hoc|iPhoneSimulator
		{D0FBE2BA-799B-4071-A45D-8FB037006C9C}.Ad-Hoc|x64.ActiveCfg = Ad-Hoc|iPhone
		{D0FBE2BA-799B-4071-A45D-8FB037006C9C}.Ad-Hoc|x86.ActiveCfg = Ad-Hoc|iPhone
		{D0FBE2BA-799B-4071-A45D-8FB037006C9C}.AppStore|Any CPU.ActiveCfg = AppStore|iPhone
		{D0FBE2BA-799B-4071-A45D-8FB037006C9C}.AppStore|ARM.ActiveCfg = AppStore|iPhone
		{D0FBE2BA-799B-4071-A45D-8FB037006C9C}.AppStore|iPhone.ActiveCfg = AppStore|iPhone
		{D0FBE2BA-799B-4071-A45D-8FB037006C9C}.AppStore|iPhone.Build.0 = AppStore|iPhone
		{D0FBE2BA-799B-4071-A45D-8FB037006C9C}.AppStore|iPhoneSimulator.ActiveCfg = AppStore|iPhoneSimulator
		{D0FBE2BA-799B-4071-A45D-8FB037006C9C}.AppStore|iPhoneSimulator.Build.0 = AppStore|iPhoneSimulator
		{D0FBE2BA-799B-4071-A45D-8FB037006C9C}.AppStore|x64.ActiveCfg = AppStore|iPhone
		{D0FBE2BA-799B-4071-A45D-8FB037006C9C}.AppStore|x86.ActiveCfg = AppStore|iPhone
		{D0FBE2BA-799B-4071-A45D-8FB037006C9C}.Debug|Any CPU.ActiveCfg = Debug|iPhone
		{D0FBE2BA-799B-4071-A45D-8FB037006C9C}.Debug|ARM.ActiveCfg = Debug|iPhone
		{D0FBE2BA-799B-4071-A45D-8FB037006C9C}.Debug|iPhone.ActiveCfg = Debug|iPhone
		{D0FBE2BA-799B-4071-A45D-8FB037006C9C}.Debug|iPhone.Build.0 = Debug|iPhone
		{D0FBE2BA-799B-4071-A45D-8FB037006C9C}.Debug|iPhone.Deploy.0 = Debug|iPhone
		{D0FBE2BA-799B-4071-A45D-8FB037006C9C}.Debug|iPhoneSimulator.ActiveCfg = Debug|iPhone
		{D0FBE2BA-799B-4071-A45D-8FB037006C9C}.Debug|iPhoneSimulator.Build.0 = Debug|iPhone
		{D0FBE2BA-799B-4071-A45D-8FB037006C9C}.Debug|x64.ActiveCfg = Debug|iPhone
		{D0FBE2BA-799B-4071-A45D-8FB037006C9C}.Debug|x86.ActiveCfg = Debug|iPhone
		{D0FBE2BA-799B-4071-A45D-8FB037006C9C}.Release|Any CPU.ActiveCfg = Release|iPhone
		{D0FBE2BA-799B-4071-A45D-8FB037006C9C}.Release|ARM.ActiveCfg = Release|iPhone
		{D0FBE2BA-799B-4071-A45D-8FB037006C9C}.Release|iPhone.ActiveCfg = Release|iPhone
		{D0FBE2BA-799B-4071-A45D-8FB037006C9C}.Release|iPhone.Build.0 = Release|iPhone
		{D0FBE2BA-799B-4071-A45D-8FB037006C9C}.Release|iPhoneSimulator.ActiveCfg = Release|iPhoneSimulator
		{D0FBE2BA-799B-4071-A45D-8FB037006C9C}.Release|iPhoneSimulator.Build.0 = Release|iPhoneSimulator
		{D0FBE2BA-799B-4071-A45D-8FB037006C9C}.Release|x64.ActiveCfg = Release|iPhone
		{D0FBE2BA-799B-4071-A45D-8FB037006C9C}.Release|x86.ActiveCfg = Release|iPhone
		{F89C3167-B338-4616-8EB0-4951C3D64E5F}.Ad-Hoc|Any CPU.ActiveCfg = Release|Any CPU
		{F89C3167-B338-4616-8EB0-4951C3D64E5F}.Ad-Hoc|Any CPU.Build.0 = Release|Any CPU
		{F89C3167-B338-4616-8EB0-4951C3D64E5F}.Ad-Hoc|ARM.ActiveCfg = Release|Any CPU
		{F89C3167-B338-4616-8EB0-4951C3D64E5F}.Ad-Hoc|ARM.Build.0 = Release|Any CPU
		{F89C3167-B338-4616-8EB0-4951C3D64E5F}.Ad-Hoc|iPhone.ActiveCfg = Release|Any CPU
		{F89C3167-B338-4616-8EB0-4951C3D64E5F}.Ad-Hoc|iPhone.Build.0 = Release|Any CPU
		{F89C3167-B338-4616-8EB0-4951C3D64E5F}.Ad-Hoc|iPhoneSimulator.ActiveCfg = Release|Any CPU
		{F89C3167-B338-4616-8EB0-4951C3D64E5F}.Ad-Hoc|iPhoneSimulator.Build.0 = Release|Any CPU
		{F89C3167-B338-4616-8EB0-4951C3D64E5F}.Ad-Hoc|x64.ActiveCfg = Release|Any CPU
		{F89C3167-B338-4616-8EB0-4951C3D64E5F}.Ad-Hoc|x64.Build.0 = Release|Any CPU
		{F89C3167-B338-4616-8EB0-4951C3D64E5F}.Ad-Hoc|x86.ActiveCfg = Release|Any CPU
		{F89C3167-B338-4616-8EB0-4951C3D64E5F}.Ad-Hoc|x86.Build.0 = Release|Any CPU
		{F89C3167-B338-4616-8EB0-4951C3D64E5F}.AppStore|Any CPU.ActiveCfg = Release|Any CPU
		{F89C3167-B338-4616-8EB0-4951C3D64E5F}.AppStore|Any CPU.Build.0 = Release|Any CPU
		{F89C3167-B338-4616-8EB0-4951C3D64E5F}.AppStore|ARM.ActiveCfg = Release|Any CPU
		{F89C3167-B338-4616-8EB0-4951C3D64E5F}.AppStore|ARM.Build.0 = Release|Any CPU
		{F89C3167-B338-4616-8EB0-4951C3D64E5F}.AppStore|iPhone.ActiveCfg = Release|Any CPU
		{F89C3167-B338-4616-8EB0-4951C3D64E5F}.AppStore|iPhone.Build.0 = Release|Any CPU
		{F89C3167-B338-4616-8EB0-4951C3D64E5F}.AppStore|iPhoneSimulator.ActiveCfg = Release|Any CPU
		{F89C3167-B338-4616-8EB0-4951C3D64E5F}.AppStore|iPhoneSimulator.Build.0 = Release|Any CPU
		{F89C3167-B338-4616-8EB0-4951C3D64E5F}.AppStore|x64.ActiveCfg = Release|Any CPU
		{F89C3167-B338-4616-8EB0-4951C3D64E5F}.AppStore|x64.Build.0 = Release|Any CPU
		{F89C3167-B338-4616-8EB0-4951C3D64E5F}.AppStore|x86.ActiveCfg = Release|Any CPU
		{F89C3167-B338-4616-8EB0-4951C3D64E5F}.AppStore|x86.Build.0 = Release|Any CPU
		{F89C3167-B338-4616-8EB0-4951C3D64E5F}.Debug|Any CPU.ActiveCfg = Debug|Any CPU
		{F89C3167-B338-4616-8EB0-4951C3D64E5F}.Debug|Any CPU.Build.0 = Debug|Any CPU
		{F89C3167-B338-4616-8EB0-4951C3D64E5F}.Debug|ARM.ActiveCfg = Debug|Any CPU
		{F89C3167-B338-4616-8EB0-4951C3D64E5F}.Debug|ARM.Build.0 = Debug|Any CPU
		{F89C3167-B338-4616-8EB0-4951C3D64E5F}.Debug|iPhone.ActiveCfg = Debug|Any CPU
		{F89C3167-B338-4616-8EB0-4951C3D64E5F}.Debug|iPhone.Build.0 = Debug|Any CPU
		{F89C3167-B338-4616-8EB0-4951C3D64E5F}.Debug|iPhoneSimulator.ActiveCfg = Debug|Any CPU
		{F89C3167-B338-4616-8EB0-4951C3D64E5F}.Debug|iPhoneSimulator.Build.0 = Debug|Any CPU
		{F89C3167-B338-4616-8EB0-4951C3D64E5F}.Debug|x64.ActiveCfg = Debug|Any CPU
		{F89C3167-B338-4616-8EB0-4951C3D64E5F}.Debug|x64.Build.0 = Debug|Any CPU
		{F89C3167-B338-4616-8EB0-4951C3D64E5F}.Debug|x86.ActiveCfg = Debug|Any CPU
		{F89C3167-B338-4616-8EB0-4951C3D64E5F}.Debug|x86.Build.0 = Debug|Any CPU
		{F89C3167-B338-4616-8EB0-4951C3D64E5F}.Release|Any CPU.ActiveCfg = Release|Any CPU
		{F89C3167-B338-4616-8EB0-4951C3D64E5F}.Release|Any CPU.Build.0 = Release|Any CPU
		{F89C3167-B338-4616-8EB0-4951C3D64E5F}.Release|ARM.ActiveCfg = Release|Any CPU
		{F89C3167-B338-4616-8EB0-4951C3D64E5F}.Release|ARM.Build.0 = Release|Any CPU
		{F89C3167-B338-4616-8EB0-4951C3D64E5F}.Release|iPhone.ActiveCfg = Release|Any CPU
		{F89C3167-B338-4616-8EB0-4951C3D64E5F}.Release|iPhone.Build.0 = Release|Any CPU
		{F89C3167-B338-4616-8EB0-4951C3D64E5F}.Release|iPhoneSimulator.ActiveCfg = Release|Any CPU
		{F89C3167-B338-4616-8EB0-4951C3D64E5F}.Release|iPhoneSimulator.Build.0 = Release|Any CPU
		{F89C3167-B338-4616-8EB0-4951C3D64E5F}.Release|x64.ActiveCfg = Release|Any CPU
		{F89C3167-B338-4616-8EB0-4951C3D64E5F}.Release|x64.Build.0 = Release|Any CPU
		{F89C3167-B338-4616-8EB0-4951C3D64E5F}.Release|x86.ActiveCfg = Release|Any CPU
		{F89C3167-B338-4616-8EB0-4951C3D64E5F}.Release|x86.Build.0 = Release|Any CPU
		{7B0E4EFD-EEB8-4CE9-9C8D-7A4BF734E9A7}.Ad-Hoc|Any CPU.ActiveCfg = Release|Any CPU
		{7B0E4EFD-EEB8-4CE9-9C8D-7A4BF734E9A7}.Ad-Hoc|Any CPU.Build.0 = Release|Any CPU
		{7B0E4EFD-EEB8-4CE9-9C8D-7A4BF734E9A7}.Ad-Hoc|Any CPU.Deploy.0 = Release|Any CPU
		{7B0E4EFD-EEB8-4CE9-9C8D-7A4BF734E9A7}.Ad-Hoc|ARM.ActiveCfg = Release|Any CPU
		{7B0E4EFD-EEB8-4CE9-9C8D-7A4BF734E9A7}.Ad-Hoc|ARM.Build.0 = Release|Any CPU
		{7B0E4EFD-EEB8-4CE9-9C8D-7A4BF734E9A7}.Ad-Hoc|ARM.Deploy.0 = Release|Any CPU
		{7B0E4EFD-EEB8-4CE9-9C8D-7A4BF734E9A7}.Ad-Hoc|iPhone.ActiveCfg = Release|Any CPU
		{7B0E4EFD-EEB8-4CE9-9C8D-7A4BF734E9A7}.Ad-Hoc|iPhone.Build.0 = Release|Any CPU
		{7B0E4EFD-EEB8-4CE9-9C8D-7A4BF734E9A7}.Ad-Hoc|iPhone.Deploy.0 = Release|Any CPU
		{7B0E4EFD-EEB8-4CE9-9C8D-7A4BF734E9A7}.Ad-Hoc|iPhoneSimulator.ActiveCfg = Release|Any CPU
		{7B0E4EFD-EEB8-4CE9-9C8D-7A4BF734E9A7}.Ad-Hoc|iPhoneSimulator.Build.0 = Release|Any CPU
		{7B0E4EFD-EEB8-4CE9-9C8D-7A4BF734E9A7}.Ad-Hoc|iPhoneSimulator.Deploy.0 = Release|Any CPU
		{7B0E4EFD-EEB8-4CE9-9C8D-7A4BF734E9A7}.Ad-Hoc|x64.ActiveCfg = Release|Any CPU
		{7B0E4EFD-EEB8-4CE9-9C8D-7A4BF734E9A7}.Ad-Hoc|x64.Build.0 = Release|Any CPU
		{7B0E4EFD-EEB8-4CE9-9C8D-7A4BF734E9A7}.Ad-Hoc|x64.Deploy.0 = Release|Any CPU
		{7B0E4EFD-EEB8-4CE9-9C8D-7A4BF734E9A7}.Ad-Hoc|x86.ActiveCfg = Release|Any CPU
		{7B0E4EFD-EEB8-4CE9-9C8D-7A4BF734E9A7}.Ad-Hoc|x86.Build.0 = Release|Any CPU
		{7B0E4EFD-EEB8-4CE9-9C8D-7A4BF734E9A7}.Ad-Hoc|x86.Deploy.0 = Release|Any CPU
		{7B0E4EFD-EEB8-4CE9-9C8D-7A4BF734E9A7}.AppStore|Any CPU.ActiveCfg = Release|Any CPU
		{7B0E4EFD-EEB8-4CE9-9C8D-7A4BF734E9A7}.AppStore|Any CPU.Build.0 = Release|Any CPU
		{7B0E4EFD-EEB8-4CE9-9C8D-7A4BF734E9A7}.AppStore|Any CPU.Deploy.0 = Release|Any CPU
		{7B0E4EFD-EEB8-4CE9-9C8D-7A4BF734E9A7}.AppStore|ARM.ActiveCfg = Release|Any CPU
		{7B0E4EFD-EEB8-4CE9-9C8D-7A4BF734E9A7}.AppStore|ARM.Build.0 = Release|Any CPU
		{7B0E4EFD-EEB8-4CE9-9C8D-7A4BF734E9A7}.AppStore|ARM.Deploy.0 = Release|Any CPU
		{7B0E4EFD-EEB8-4CE9-9C8D-7A4BF734E9A7}.AppStore|iPhone.ActiveCfg = Release|Any CPU
		{7B0E4EFD-EEB8-4CE9-9C8D-7A4BF734E9A7}.AppStore|iPhone.Build.0 = Release|Any CPU
		{7B0E4EFD-EEB8-4CE9-9C8D-7A4BF734E9A7}.AppStore|iPhone.Deploy.0 = Release|Any CPU
		{7B0E4EFD-EEB8-4CE9-9C8D-7A4BF734E9A7}.AppStore|iPhoneSimulator.ActiveCfg = Release|Any CPU
		{7B0E4EFD-EEB8-4CE9-9C8D-7A4BF734E9A7}.AppStore|iPhoneSimulator.Build.0 = Release|Any CPU
		{7B0E4EFD-EEB8-4CE9-9C8D-7A4BF734E9A7}.AppStore|iPhoneSimulator.Deploy.0 = Release|Any CPU
		{7B0E4EFD-EEB8-4CE9-9C8D-7A4BF734E9A7}.AppStore|x64.ActiveCfg = Release|Any CPU
		{7B0E4EFD-EEB8-4CE9-9C8D-7A4BF734E9A7}.AppStore|x64.Build.0 = Release|Any CPU
		{7B0E4EFD-EEB8-4CE9-9C8D-7A4BF734E9A7}.AppStore|x64.Deploy.0 = Release|Any CPU
		{7B0E4EFD-EEB8-4CE9-9C8D-7A4BF734E9A7}.AppStore|x86.ActiveCfg = Release|Any CPU
		{7B0E4EFD-EEB8-4CE9-9C8D-7A4BF734E9A7}.AppStore|x86.Build.0 = Release|Any CPU
		{7B0E4EFD-EEB8-4CE9-9C8D-7A4BF734E9A7}.AppStore|x86.Deploy.0 = Release|Any CPU
		{7B0E4EFD-EEB8-4CE9-9C8D-7A4BF734E9A7}.Debug|Any CPU.ActiveCfg = Debug|Any CPU
		{7B0E4EFD-EEB8-4CE9-9C8D-7A4BF734E9A7}.Debug|Any CPU.Build.0 = Debug|Any CPU
		{7B0E4EFD-EEB8-4CE9-9C8D-7A4BF734E9A7}.Debug|Any CPU.Deploy.0 = Debug|Any CPU
		{7B0E4EFD-EEB8-4CE9-9C8D-7A4BF734E9A7}.Debug|ARM.ActiveCfg = Debug|Any CPU
		{7B0E4EFD-EEB8-4CE9-9C8D-7A4BF734E9A7}.Debug|ARM.Build.0 = Debug|Any CPU
		{7B0E4EFD-EEB8-4CE9-9C8D-7A4BF734E9A7}.Debug|ARM.Deploy.0 = Debug|Any CPU
		{7B0E4EFD-EEB8-4CE9-9C8D-7A4BF734E9A7}.Debug|iPhone.ActiveCfg = Debug|Any CPU
		{7B0E4EFD-EEB8-4CE9-9C8D-7A4BF734E9A7}.Debug|iPhone.Build.0 = Debug|Any CPU
		{7B0E4EFD-EEB8-4CE9-9C8D-7A4BF734E9A7}.Debug|iPhone.Deploy.0 = Debug|Any CPU
		{7B0E4EFD-EEB8-4CE9-9C8D-7A4BF734E9A7}.Debug|iPhoneSimulator.ActiveCfg = Debug|Any CPU
		{7B0E4EFD-EEB8-4CE9-9C8D-7A4BF734E9A7}.Debug|iPhoneSimulator.Build.0 = Debug|Any CPU
		{7B0E4EFD-EEB8-4CE9-9C8D-7A4BF734E9A7}.Debug|iPhoneSimulator.Deploy.0 = Debug|Any CPU
		{7B0E4EFD-EEB8-4CE9-9C8D-7A4BF734E9A7}.Debug|x64.ActiveCfg = Debug|Any CPU
		{7B0E4EFD-EEB8-4CE9-9C8D-7A4BF734E9A7}.Debug|x64.Build.0 = Debug|Any CPU
		{7B0E4EFD-EEB8-4CE9-9C8D-7A4BF734E9A7}.Debug|x64.Deploy.0 = Debug|Any CPU
		{7B0E4EFD-EEB8-4CE9-9C8D-7A4BF734E9A7}.Debug|x86.ActiveCfg = Debug|Any CPU
		{7B0E4EFD-EEB8-4CE9-9C8D-7A4BF734E9A7}.Debug|x86.Build.0 = Debug|Any CPU
		{7B0E4EFD-EEB8-4CE9-9C8D-7A4BF734E9A7}.Debug|x86.Deploy.0 = Debug|Any CPU
		{7B0E4EFD-EEB8-4CE9-9C8D-7A4BF734E9A7}.Release|Any CPU.ActiveCfg = Release|Any CPU
		{7B0E4EFD-EEB8-4CE9-9C8D-7A4BF734E9A7}.Release|Any CPU.Build.0 = Release|Any CPU
		{7B0E4EFD-EEB8-4CE9-9C8D-7A4BF734E9A7}.Release|Any CPU.Deploy.0 = Release|Any CPU
		{7B0E4EFD-EEB8-4CE9-9C8D-7A4BF734E9A7}.Release|ARM.ActiveCfg = Release|Any CPU
		{7B0E4EFD-EEB8-4CE9-9C8D-7A4BF734E9A7}.Release|ARM.Build.0 = Release|Any CPU
		{7B0E4EFD-EEB8-4CE9-9C8D-7A4BF734E9A7}.Release|ARM.Deploy.0 = Release|Any CPU
		{7B0E4EFD-EEB8-4CE9-9C8D-7A4BF734E9A7}.Release|iPhone.ActiveCfg = Release|Any CPU
		{7B0E4EFD-EEB8-4CE9-9C8D-7A4BF734E9A7}.Release|iPhone.Build.0 = Release|Any CPU
		{7B0E4EFD-EEB8-4CE9-9C8D-7A4BF734E9A7}.Release|iPhone.Deploy.0 = Release|Any CPU
		{7B0E4EFD-EEB8-4CE9-9C8D-7A4BF734E9A7}.Release|iPhoneSimulator.ActiveCfg = Release|Any CPU
		{7B0E4EFD-EEB8-4CE9-9C8D-7A4BF734E9A7}.Release|iPhoneSimulator.Build.0 = Release|Any CPU
		{7B0E4EFD-EEB8-4CE9-9C8D-7A4BF734E9A7}.Release|iPhoneSimulator.Deploy.0 = Release|Any CPU
		{7B0E4EFD-EEB8-4CE9-9C8D-7A4BF734E9A7}.Release|x64.ActiveCfg = Release|Any CPU
		{7B0E4EFD-EEB8-4CE9-9C8D-7A4BF734E9A7}.Release|x64.Build.0 = Release|Any CPU
		{7B0E4EFD-EEB8-4CE9-9C8D-7A4BF734E9A7}.Release|x64.Deploy.0 = Release|Any CPU
		{7B0E4EFD-EEB8-4CE9-9C8D-7A4BF734E9A7}.Release|x86.ActiveCfg = Release|Any CPU
		{7B0E4EFD-EEB8-4CE9-9C8D-7A4BF734E9A7}.Release|x86.Build.0 = Release|Any CPU
		{7B0E4EFD-EEB8-4CE9-9C8D-7A4BF734E9A7}.Release|x86.Deploy.0 = Release|Any CPU
	EndGlobalSection
	GlobalSection(SolutionProperties) = preSolution
		HideSolutionNode = FALSE
	EndGlobalSection
	GlobalSection(NestedProjects) = preSolution
		{DFE97BE0-070B-43AD-BF37-50FD42B542D1} = {A06042F5-F69D-4191-875E-5ADE9CF42075}
		{D0FBE2BA-799B-4071-A45D-8FB037006C9C} = {A06042F5-F69D-4191-875E-5ADE9CF42075}
		{7B0E4EFD-EEB8-4CE9-9C8D-7A4BF734E9A7} = {A06042F5-F69D-4191-875E-5ADE9CF42075}
	EndGlobalSection
	GlobalSection(ExtensibilityGlobals) = postSolution
		SolutionGuid = {6EFD1796-5F84-4970-9709-22E18DE6145A}
	EndGlobalSection
	GlobalSection(MonoDevelopProperties) = preSolution
		Policies = $0
		$0.DotNetNamingPolicy = $1
		$1.DirectoryNamespaceAssociation = PrefixedHierarchical
	EndGlobalSection
EndGlobal
